
Microsoft Visual Studio Solution File, Format Version 12.00
# Visual Studio Version 16
Project("{8BC9CEB8-8B4A-11D0-8D11-00A0C91BC942}") = "ALL_BUILD", "ALL_BUILD.vcxproj", "{9EAD404D-C19A-35B7-97E9-17DA305DB2CE}"
	ProjectSection(ProjectDependencies) = postProject
		{DD92F4B1-398B-3BB7-B53C-DC10B7F25BA4} = {DD92F4B1-398B-3BB7-B53C-DC10B7F25BA4}
		{ED121203-8242-3DC1-86C3-B0D1440A144F} = {ED121203-8242-3DC1-86C3-B0D1440A144F}
		{2DB99121-B4F3-3D66-98E7-46A9DEBFFFBF} = {2DB99121-B4F3-3D66-98E7-46A9DEBFFFBF}
		{48C9E063-3BF0-33AF-BC18-7536DB9D145E} = {48C9E063-3BF0-33AF-BC18-7536DB9D145E}
	EndProjectSection
EndProject
Project("{8BC9CEB8-8B4A-11D0-8D11-00A0C91BC942}") = "CaptainAsteroid", "src\CaptainAsteroid.vcxproj", "{DD92F4B1-398B-3BB7-B53C-DC10B7F25BA4}"
	ProjectSection(ProjectDependencies) = postProject
		{ED121203-8242-3DC1-86C3-B0D1440A144F} = {ED121203-8242-3DC1-86C3-B0D1440A144F}
		{2DB99121-B4F3-3D66-98E7-46A9DEBFFFBF} = {2DB99121-B4F3-3D66-98E7-46A9DEBFFFBF}
		{48C9E063-3BF0-33AF-BC18-7536DB9D145E} = {48C9E063-3BF0-33AF-BC18-7536DB9D145E}
	EndProjectSection
EndProject
Project("{8BC9CEB8-8B4A-11D0-8D11-00A0C91BC942}") = "INSTALL", "INSTALL.vcxproj", "{22ED2518-ADCE-34FB-A366-AC6B6643865B}"
	ProjectSection(ProjectDependencies) = postProject
		{9EAD404D-C19A-35B7-97E9-17DA305DB2CE} = {9EAD404D-C19A-35B7-97E9-17DA305DB2CE}
		{48C9E063-3BF0-33AF-BC18-7536DB9D145E} = {48C9E063-3BF0-33AF-BC18-7536DB9D145E}
	EndProjectSection
EndProject
Project("{8BC9CEB8-8B4A-11D0-8D11-00A0C91BC942}") = "Physics", "src\physics\Physics.vcxproj", "{ED121203-8242-3DC1-86C3-B0D1440A144F}"
	ProjectSection(ProjectDependencies) = postProject
		{2DB99121-B4F3-3D66-98E7-46A9DEBFFFBF} = {2DB99121-B4F3-3D66-98E7-46A9DEBFFFBF}
		{48C9E063-3BF0-33AF-BC18-7536DB9D145E} = {48C9E063-3BF0-33AF-BC18-7536DB9D145E}
	EndProjectSection
EndProject
Project("{8BC9CEB8-8B4A-11D0-8D11-00A0C91BC942}") = "Utils", "src\utils\Utils.vcxproj", "{2DB99121-B4F3-3D66-98E7-46A9DEBFFFBF}"
	ProjectSection(ProjectDependencies) = postProject
		{48C9E063-3BF0-33AF-BC18-7536DB9D145E} = {48C9E063-3BF0-33AF-BC18-7536DB9D145E}
	EndProjectSection
EndProject
Project("{8BC9CEB8-8B4A-11D0-8D11-00A0C91BC942}") = "ZERO_CHECK", "ZERO_CHECK.vcxproj", "{48C9E063-3BF0-33AF-BC18-7536DB9D145E}"
	ProjectSection(ProjectDependencies) = postProject
	EndProjectSection
EndProject
Global
	GlobalSection(SolutionConfigurationPlatforms) = preSolution
		Debug|x64 = Debug|x64
		Release|x64 = Release|x64
		MinSizeRel|x64 = MinSizeRel|x64
		RelWithDebInfo|x64 = RelWithDebInfo|x64
	EndGlobalSection
	GlobalSection(ProjectConfigurationPlatforms) = postSolution
		{9EAD404D-C19A-35B7-97E9-17DA305DB2CE}.Debug|x64.ActiveCfg = Debug|x64
		{9EAD404D-C19A-35B7-97E9-17DA305DB2CE}.Debug|x64.Build.0 = Debug|x64
		{9EAD404D-C19A-35B7-97E9-17DA305DB2CE}.Release|x64.ActiveCfg = Release|x64
		{9EAD404D-C19A-35B7-97E9-17DA305DB2CE}.Release|x64.Build.0 = Release|x64
		{9EAD404D-C19A-35B7-97E9-17DA305DB2CE}.MinSizeRel|x64.ActiveCfg = MinSizeRel|x64
		{9EAD404D-C19A-35B7-97E9-17DA305DB2CE}.MinSizeRel|x64.Build.0 = MinSizeRel|x64
		{9EAD404D-C19A-35B7-97E9-17DA305DB2CE}.RelWithDebInfo|x64.ActiveCfg = RelWithDebInfo|x64
		{9EAD404D-C19A-35B7-97E9-17DA305DB2CE}.RelWithDebInfo|x64.Build.0 = RelWithDebInfo|x64
		{DD92F4B1-398B-3BB7-B53C-DC10B7F25BA4}.Debug|x64.ActiveCfg = Debug|x64
		{DD92F4B1-398B-3BB7-B53C-DC10B7F25BA4}.Debug|x64.Build.0 = Debug|x64
		{DD92F4B1-398B-3BB7-B53C-DC10B7F25BA4}.Release|x64.ActiveCfg = Release|x64
		{DD92F4B1-398B-3BB7-B53C-DC10B7F25BA4}.Release|x64.Build.0 = Release|x64
		{DD92F4B1-398B-3BB7-B53C-DC10B7F25BA4}.MinSizeRel|x64.ActiveCfg = MinSizeRel|x64
		{DD92F4B1-398B-3BB7-B53C-DC10B7F25BA4}.MinSizeRel|x64.Build.0 = MinSizeRel|x64
		{DD92F4B1-398B-3BB7-B53C-DC10B7F25BA4}.RelWithDebInfo|x64.ActiveCfg = RelWithDebInfo|x64
		{DD92F4B1-398B-3BB7-B53C-DC10B7F25BA4}.RelWithDebInfo|x64.Build.0 = RelWithDebInfo|x64
		{22ED2518-ADCE-34FB-A366-AC6B6643865B}.Debug|x64.ActiveCfg = Debug|x64
		{22ED2518-ADCE-34FB-A366-AC6B6643865B}.Release|x64.ActiveCfg = Release|x64
		{22ED2518-ADCE-34FB-A366-AC6B6643865B}.MinSizeRel|x64.ActiveCfg = MinSizeRel|x64
		{22ED2518-ADCE-34FB-A366-AC6B6643865B}.RelWithDebInfo|x64.ActiveCfg = RelWithDebInfo|x64
		{ED121203-8242-3DC1-86C3-B0D1440A144F}.Debug|x64.ActiveCfg = Debug|x64
		{ED121203-8242-3DC1-86C3-B0D1440A144F}.Debug|x64.Build.0 = Debug|x64
		{ED121203-8242-3DC1-86C3-B0D1440A144F}.Release|x64.ActiveCfg = Release|x64
		{ED121203-8242-3DC1-86C3-B0D1440A144F}.Release|x64.Build.0 = Release|x64
		{ED121203-8242-3DC1-86C3-B0D1440A144F}.MinSizeRel|x64.ActiveCfg = MinSizeRel|x64
		{ED121203-8242-3DC1-86C3-B0D1440A144F}.MinSizeRel|x64.Build.0 = MinSizeRel|x64
		{ED121203-8242-3DC1-86C3-B0D1440A144F}.RelWithDebInfo|x64.ActiveCfg = RelWithDebInfo|x64
		{ED121203-8242-3DC1-86C3-B0D1440A144F}.RelWithDebInfo|x64.Build.0 = RelWithDebInfo|x64
		{2DB99121-B4F3-3D66-98E7-46A9DEBFFFBF}.Debug|x64.ActiveCfg = Debug|x64
		{2DB99121-B4F3-3D66-98E7-46A9DEBFFFBF}.Debug|x64.Build.0 = Debug|x64
		{2DB99121-B4F3-3D66-98E7-46A9DEBFFFBF}.Release|x64.ActiveCfg = Release|x64
		{2DB99121-B4F3-3D66-98E7-46A9DEBFFFBF}.Release|x64.Build.0 = Release|x64
		{2DB99121-B4F3-3D66-98E7-46A9DEBFFFBF}.MinSizeRel|x64.ActiveCfg = MinSizeRel|x64
		{2DB99121-B4F3-3D66-98E7-46A9DEBFFFBF}.MinSizeRel|x64.Build.0 = MinSizeRel|x64
		{2DB99121-B4F3-3D66-98E7-46A9DEBFFFBF}.RelWithDebInfo|x64.ActiveCfg = RelWithDebInfo|x64
		{2DB99121-B4F3-3D66-98E7-46A9DEBFFFBF}.RelWithDebInfo|x64.Build.0 = RelWithDebInfo|x64
		{48C9E063-3BF0-33AF-BC18-7536DB9D145E}.Debug|x64.ActiveCfg = Debug|x64
		{48C9E063-3BF0-33AF-BC18-7536DB9D145E}.Debug|x64.Build.0 = Debug|x64
		{48C9E063-3BF0-33AF-BC18-7536DB9D145E}.Release|x64.ActiveCfg = Release|x64
		{48C9E063-3BF0-33AF-BC18-7536DB9D145E}.Release|x64.Build.0 = Release|x64
		{48C9E063-3BF0-33AF-BC18-7536DB9D145E}.MinSizeRel|x64.ActiveCfg = MinSizeRel|x64
		{48C9E063-3BF0-33AF-BC18-7536DB9D145E}.MinSizeRel|x64.Build.0 = MinSizeRel|x64
		{48C9E063-3BF0-33AF-BC18-7536DB9D145E}.RelWithDebInfo|x64.ActiveCfg = RelWithDebInfo|x64
		{48C9E063-3BF0-33AF-BC18-7536DB9D145E}.RelWithDebInfo|x64.Build.0 = RelWithDebInfo|x64
	EndGlobalSection
	GlobalSection(ExtensibilityGlobals) = postSolution
		SolutionGuid = {F16B331E-A4CA-3EF6-85E8-BA969F9272AB}
	EndGlobalSection
	GlobalSection(ExtensibilityAddIns) = postSolution
	EndGlobalSection
EndGlobal
